
Microsoft Visual Studio Solution File, Format Version 12.00
# Visual Studio Version 17
VisualStudioVersion = 17.3.32819.101
MinimumVisualStudioVersion = 10.0.40219.1
Project("{9A19103F-16F7-4668-BE54-9A1E7A4F7556}") = "Akakce", "Akakce\Akakce.csproj", "{E554D871-4118-44E3-9426-7380347FF1AE}"
EndProject
Project("{E53339B2-1760-4266-BCC7-CA923CBCF16C}") = "docker-compose", "docker-compose.dcproj", "{C5DEAB74-E236-4129-8F47-9670F8C79F39}"
EndProject
Project("{FAE04EC0-301F-11D3-BF4B-00C04F79EFBC}") = "Data", "Data\Data.csproj", "{61B9D2C5-F234-4D44-8059-3AE7FABF2208}"
EndProject
Project("{FAE04EC0-301F-11D3-BF4B-00C04F79EFBC}") = "Service", "Service\Service.csproj", "{276C34D4-72F2-4B3D-B542-BEF27615E252}"
EndProject
Project("{FAE04EC0-301F-11D3-BF4B-00C04F79EFBC}") = "Service.Test", "Service.Test\Service.Test.csproj", "{57481150-6AC7-4CB3-84F2-24A018425AD0}"
EndProject
Global
	GlobalSection(SolutionConfigurationPlatforms) = preSolution
		Debug|Any CPU = Debug|Any CPU
		Release|Any CPU = Release|Any CPU
	EndGlobalSection
	GlobalSection(ProjectConfigurationPlatforms) = postSolution
		{E554D871-4118-44E3-9426-7380347FF1AE}.Debug|Any CPU.ActiveCfg = Debug|Any CPU
		{E554D871-4118-44E3-9426-7380347FF1AE}.Debug|Any CPU.Build.0 = Debug|Any CPU
		{E554D871-4118-44E3-9426-7380347FF1AE}.Release|Any CPU.ActiveCfg = Release|Any CPU
		{E554D871-4118-44E3-9426-7380347FF1AE}.Release|Any CPU.Build.0 = Release|Any CPU
		{C5DEAB74-E236-4129-8F47-9670F8C79F39}.Debug|Any CPU.ActiveCfg = Debug|Any CPU
		{C5DEAB74-E236-4129-8F47-9670F8C79F39}.Debug|Any CPU.Build.0 = Debug|Any CPU
		{C5DEAB74-E236-4129-8F47-9670F8C79F39}.Release|Any CPU.ActiveCfg = Release|Any CPU
		{C5DEAB74-E236-4129-8F47-9670F8C79F39}.Release|Any CPU.Build.0 = Release|Any CPU
		{61B9D2C5-F234-4D44-8059-3AE7FABF2208}.Debug|Any CPU.ActiveCfg = Debug|Any CPU
		{61B9D2C5-F234-4D44-8059-3AE7FABF2208}.Debug|Any CPU.Build.0 = Debug|Any CPU
		{61B9D2C5-F234-4D44-8059-3AE7FABF2208}.Release|Any CPU.ActiveCfg = Release|Any CPU
		{61B9D2C5-F234-4D44-8059-3AE7FABF2208}.Release|Any CPU.Build.0 = Release|Any CPU
		{276C34D4-72F2-4B3D-B542-BEF27615E252}.Debug|Any CPU.ActiveCfg = Debug|Any CPU
		{276C34D4-72F2-4B3D-B542-BEF27615E252}.Debug|Any CPU.Build.0 = Debug|Any CPU
		{276C34D4-72F2-4B3D-B542-BEF27615E252}.Release|Any CPU.ActiveCfg = Release|Any CPU
		{276C34D4-72F2-4B3D-B542-BEF27615E252}.Release|Any CPU.Build.0 = Release|Any CPU
		{57481150-6AC7-4CB3-84F2-24A018425AD0}.Debug|Any CPU.ActiveCfg = Debug|Any CPU
		{57481150-6AC7-4CB3-84F2-24A018425AD0}.Debug|Any CPU.Build.0 = Debug|Any CPU
		{57481150-6AC7-4CB3-84F2-24A018425AD0}.Release|Any CPU.ActiveCfg = Release|Any CPU
		{57481150-6AC7-4CB3-84F2-24A018425AD0}.Release|Any CPU.Build.0 = Release|Any CPU
	EndGlobalSection
	GlobalSection(SolutionProperties) = preSolution
		HideSolutionNode = FALSE
	EndGlobalSection
	GlobalSection(ExtensibilityGlobals) = postSolution
		SolutionGuid = {B627B654-ABA8-4DA8-8AF8-9C5EAD5ACA5C}
	EndGlobalSection
EndGlobal
